
Microsoft Visual Studio Solution File, Format Version 12.00
# Visual Studio Version 17
VisualStudioVersion = 17.14.36623.8 d17.14
MinimumVisualStudioVersion = 10.0.40219.1
Project("{FAE04EC0-301F-11D3-BF4B-00C04F79EFBC}") = "SIRA", "SIRA.csproj", "{037DBF19-7FC8-4A6A-948E-19C3E42EE84A}"
EndProject
Global
	GlobalSection(SolutionConfigurationPlatforms) = preSolution
		Debug|Any CPU = Debug|Any CPU
		Release|Any CPU = Release|Any CPU
	EndGlobalSection
	GlobalSection(ProjectConfigurationPlatforms) = postSolution
		{037DBF19-7FC8-4A6A-948E-19C3E42EE84A}.Debug|Any CPU.ActiveCfg = Debug|Any CPU
		{037DBF19-7FC8-4A6A-948E-19C3E42EE84A}.Debug|Any CPU.Build.0 = Debug|Any CPU
		{037DBF19-7FC8-4A6A-948E-19C3E42EE84A}.Release|Any CPU.ActiveCfg = Release|Any CPU
		{037DBF19-7FC8-4A6A-948E-19C3E42EE84A}.Release|Any CPU.Build.0 = Release|Any CPU
	EndGlobalSection
	GlobalSection(SolutionProperties) = preSolution
		HideSolutionNode = FALSE
	EndGlobalSection
	GlobalSection(ExtensibilityGlobals) = postSolution
		SolutionGuid = {8045603A-BFCD-4880-ACAF-E8FFF23EABA4}
	EndGlobalSection
EndGlobal
